
Microsoft Visual Studio Solution File, Format Version 12.00
# Visual Studio Version 16
VisualStudioVersion = 16.0.31911.196
MinimumVisualStudioVersion = 10.0.40219.1
Project("{9A19103F-16F7-4668-BE54-9A1E7A4F7556}") = "AI Final Odevi", "AI Final Odevi\AI Final Odevi.csproj", "{B9E53A6C-D57E-48C2-8B10-2D15F296C4D3}"
EndProject
Project("{9A19103F-16F7-4668-BE54-9A1E7A4F7556}") = "MLModel_WebApi1", "MLModel_WebApi1\MLModel_WebApi1.csproj", "{19F5F917-6904-4A36-A662-54299AC37873}"
EndProject
Global
	GlobalSection(SolutionConfigurationPlatforms) = preSolution
		Debug|Any CPU = Debug|Any CPU
		Release|Any CPU = Release|Any CPU
	EndGlobalSection
	GlobalSection(ProjectConfigurationPlatforms) = postSolution
		{B9E53A6C-D57E-48C2-8B10-2D15F296C4D3}.Debug|Any CPU.ActiveCfg = Debug|Any CPU
		{B9E53A6C-D57E-48C2-8B10-2D15F296C4D3}.Debug|Any CPU.Build.0 = Debug|Any CPU
		{B9E53A6C-D57E-48C2-8B10-2D15F296C4D3}.Release|Any CPU.ActiveCfg = Release|Any CPU
		{B9E53A6C-D57E-48C2-8B10-2D15F296C4D3}.Release|Any CPU.Build.0 = Release|Any CPU
		{19F5F917-6904-4A36-A662-54299AC37873}.Debug|Any CPU.ActiveCfg = Debug|Any CPU
		{19F5F917-6904-4A36-A662-54299AC37873}.Debug|Any CPU.Build.0 = Debug|Any CPU
		{19F5F917-6904-4A36-A662-54299AC37873}.Release|Any CPU.ActiveCfg = Release|Any CPU
		{19F5F917-6904-4A36-A662-54299AC37873}.Release|Any CPU.Build.0 = Release|Any CPU
	EndGlobalSection
	GlobalSection(SolutionProperties) = preSolution
		HideSolutionNode = FALSE
	EndGlobalSection
	GlobalSection(ExtensibilityGlobals) = postSolution
		SolutionGuid = {675BCD9B-183E-4104-971B-424B86D98EC9}
	EndGlobalSection
EndGlobal
